
Microsoft Visual Studio Solution File, Format Version 11.00
# Visual Studio 2010
Project("{8BC9CEB8-8B4A-11D0-8D11-00A0C91BC942}") = "B1013", "B1013\B1013.vcxproj", "{AF29EF7A-FC08-4779-9366-B37BDDCD2DA2}"
EndProject
Global
	GlobalSection(SolutionConfigurationPlatforms) = preSolution
		Debug|Win32 = Debug|Win32
		Release|Win32 = Release|Win32
	EndGlobalSection
	GlobalSection(ProjectConfigurationPlatforms) = postSolution
		{AF29EF7A-FC08-4779-9366-B37BDDCD2DA2}.Debug|Win32.ActiveCfg = Debug|Win32
		{AF29EF7A-FC08-4779-9366-B37BDDCD2DA2}.Debug|Win32.Build.0 = Debug|Win32
		{AF29EF7A-FC08-4779-9366-B37BDDCD2DA2}.Release|Win32.ActiveCfg = Release|Win32
		{AF29EF7A-FC08-4779-9366-B37BDDCD2DA2}.Release|Win32.Build.0 = Release|Win32
	EndGlobalSection
	GlobalSection(SolutionProperties) = preSolution
		HideSolutionNode = FALSE
	EndGlobalSection
EndGlobal
